
Microsoft Visual Studio Solution File, Format Version 12.00
# Visual Studio Version 16
VisualStudioVersion = 16.0.29911.84
MinimumVisualStudioVersion = 10.0.40219.1
Project("{9A19103F-16F7-4668-BE54-9A1E7A4F7556}") = "EFCoreDemo", "EFCoreDemo\EFCoreDemo.csproj", "{0D62F02C-2F0F-4181-977D-5811D925557C}"
EndProject
Project("{FAE04EC0-301F-11D3-BF4B-00C04F79EFBC}") = "WebApi", "WebApi\WebApi.csproj", "{0D19A19C-BE05-46A5-BF3E-DAD9EB09A4DF}"
EndProject
Project("{FAE04EC0-301F-11D3-BF4B-00C04F79EFBC}") = "Common.Redis", "Common.Redis\Common.Redis.csproj", "{3F66AF8E-FE4B-4EDC-BE3A-25A2751A59C4}"
EndProject
Project("{FAE04EC0-301F-11D3-BF4B-00C04F79EFBC}") = "test", "test\test.csproj", "{0B312D33-BB95-48A4-A391-6578C408D98E}"
EndProject
Project("{9A19103F-16F7-4668-BE54-9A1E7A4F7556}") = "WebAppMVC", "WebApplication2\WebAppMVC.csproj", "{D92DC3E6-E99A-4AB1-A57F-A7BFD161DAE2}"
EndProject
Project("{FAE04EC0-301F-11D3-BF4B-00C04F79EFBC}") = "NetCoreWebAPI", "NetCoreWebAPI\NetCoreWebAPI.csproj", "{510FC594-90CF-464E-9DCF-DCDAA98BC288}"
EndProject
Global
	GlobalSection(SolutionConfigurationPlatforms) = preSolution
		Debug|Any CPU = Debug|Any CPU
		Release|Any CPU = Release|Any CPU
	EndGlobalSection
	GlobalSection(ProjectConfigurationPlatforms) = postSolution
		{0D62F02C-2F0F-4181-977D-5811D925557C}.Debug|Any CPU.ActiveCfg = Debug|Any CPU
		{0D62F02C-2F0F-4181-977D-5811D925557C}.Debug|Any CPU.Build.0 = Debug|Any CPU
		{0D62F02C-2F0F-4181-977D-5811D925557C}.Release|Any CPU.ActiveCfg = Release|Any CPU
		{0D62F02C-2F0F-4181-977D-5811D925557C}.Release|Any CPU.Build.0 = Release|Any CPU
		{0D19A19C-BE05-46A5-BF3E-DAD9EB09A4DF}.Debug|Any CPU.ActiveCfg = Debug|Any CPU
		{0D19A19C-BE05-46A5-BF3E-DAD9EB09A4DF}.Debug|Any CPU.Build.0 = Debug|Any CPU
		{0D19A19C-BE05-46A5-BF3E-DAD9EB09A4DF}.Release|Any CPU.ActiveCfg = Release|Any CPU
		{0D19A19C-BE05-46A5-BF3E-DAD9EB09A4DF}.Release|Any CPU.Build.0 = Release|Any CPU
		{3F66AF8E-FE4B-4EDC-BE3A-25A2751A59C4}.Debug|Any CPU.ActiveCfg = Debug|Any CPU
		{3F66AF8E-FE4B-4EDC-BE3A-25A2751A59C4}.Debug|Any CPU.Build.0 = Debug|Any CPU
		{3F66AF8E-FE4B-4EDC-BE3A-25A2751A59C4}.Release|Any CPU.ActiveCfg = Release|Any CPU
		{3F66AF8E-FE4B-4EDC-BE3A-25A2751A59C4}.Release|Any CPU.Build.0 = Release|Any CPU
		{0B312D33-BB95-48A4-A391-6578C408D98E}.Debug|Any CPU.ActiveCfg = Debug|Any CPU
		{0B312D33-BB95-48A4-A391-6578C408D98E}.Debug|Any CPU.Build.0 = Debug|Any CPU
		{0B312D33-BB95-48A4-A391-6578C408D98E}.Release|Any CPU.ActiveCfg = Release|Any CPU
		{0B312D33-BB95-48A4-A391-6578C408D98E}.Release|Any CPU.Build.0 = Release|Any CPU
		{D92DC3E6-E99A-4AB1-A57F-A7BFD161DAE2}.Debug|Any CPU.ActiveCfg = Debug|Any CPU
		{D92DC3E6-E99A-4AB1-A57F-A7BFD161DAE2}.Debug|Any CPU.Build.0 = Debug|Any CPU
		{D92DC3E6-E99A-4AB1-A57F-A7BFD161DAE2}.Release|Any CPU.ActiveCfg = Release|Any CPU
		{D92DC3E6-E99A-4AB1-A57F-A7BFD161DAE2}.Release|Any CPU.Build.0 = Release|Any CPU
		{510FC594-90CF-464E-9DCF-DCDAA98BC288}.Debug|Any CPU.ActiveCfg = Debug|Any CPU
		{510FC594-90CF-464E-9DCF-DCDAA98BC288}.Debug|Any CPU.Build.0 = Debug|Any CPU
		{510FC594-90CF-464E-9DCF-DCDAA98BC288}.Release|Any CPU.ActiveCfg = Release|Any CPU
		{510FC594-90CF-464E-9DCF-DCDAA98BC288}.Release|Any CPU.Build.0 = Release|Any CPU
	EndGlobalSection
	GlobalSection(SolutionProperties) = preSolution
		HideSolutionNode = FALSE
	EndGlobalSection
	GlobalSection(ExtensibilityGlobals) = postSolution
		SolutionGuid = {EDBD3C71-7509-4343-9B3D-2D17FDD5D2A0}
	EndGlobalSection
EndGlobal
